
Microsoft Visual Studio Solution File, Format Version 12.00
# Visual Studio 2013
VisualStudioVersion = 12.0.31101.0
MinimumVisualStudioVersion = 10.0.40219.1
Project("{FAE04EC0-301F-11D3-BF4B-00C04F79EFBC}") = "ConsoleHello", "ConsoleHello\ConsoleHello.csproj", "{DC993F2E-D3AC-419C-AE5E-80CF9436090A}"
EndProject
Global
	GlobalSection(SolutionConfigurationPlatforms) = preSolution
		Debug|Any CPU = Debug|Any CPU
		Release|Any CPU = Release|Any CPU
	EndGlobalSection
	GlobalSection(ProjectConfigurationPlatforms) = postSolution
		{DC993F2E-D3AC-419C-AE5E-80CF9436090A}.Debug|Any CPU.ActiveCfg = Debug|Any CPU
		{DC993F2E-D3AC-419C-AE5E-80CF9436090A}.Debug|Any CPU.Build.0 = Debug|Any CPU
		{DC993F2E-D3AC-419C-AE5E-80CF9436090A}.Release|Any CPU.ActiveCfg = Release|Any CPU
		{DC993F2E-D3AC-419C-AE5E-80CF9436090A}.Release|Any CPU.Build.0 = Release|Any CPU
	EndGlobalSection
	GlobalSection(SolutionProperties) = preSolution
		HideSolutionNode = FALSE
	EndGlobalSection
EndGlobal
